// !$*UTF8*$!
{
	archiveVersion = 1;
	classes = {
	};
	objectVersion = 50;
	objects = {

/* Begin PBXBuildFile section */
		A4197F5123072C3500EC758C /* Sign.swift in Sources */ = {isa = PBXBuildFile; fileRef = A4197F5023072C3500EC758C /* Sign.swift */; };
		A4197F5323072C5A00EC758C /* GameState.swift in Sources */ = {isa = PBXBuildFile; fileRef = A4197F5223072C5A00EC758C /* GameState.swift */; };
		A45C2BC223072AE0005A9BA7 /* AppDelegate.swift in Sources */ = {isa = PBXBuildFile; fileRef = A45C2BC123072AE0005A9BA7 /* AppDelegate.swift */; };
		A45C2BC423072AE0005A9BA7 /* ViewController.swift in Sources */ = {isa = PBXBuildFile; fileRef = A45C2BC323072AE0005A9BA7 /* ViewController.swift */; };
		A45C2BC723072AE0005A9BA7 /* Main.storyboard in Resources */ = {isa = PBXBuildFile; fileRef = A45C2BC523072AE0005A9BA7 /* Main.storyboard */; };
		A45C2BC923072AE1005A9BA7 /* Assets.xcassets in Resources */ = {isa = PBXBuildFile; fileRef = A45C2BC823072AE1005A9BA7 /* Assets.xcassets */; };
		A45C2BCC23072AE1005A9BA7 /* LaunchScreen.storyboard in Resources */ = {isa = PBXBuildFile; fileRef = A45C2BCA23072AE1005A9BA7 /* LaunchScreen.storyboard */; };
		A45C2BD723072AE1005A9BA7 /* RPSTests.swift in Sources */ = {isa = PBXBuildFile; fileRef = A45C2BD623072AE1005A9BA7 /* RPSTests.swift */; };
		A45C2BE223072AE1005A9BA7 /* RPSUITests.swift in Sources */ = {isa = PBXBuildFile; fileRef = A45C2BE123072AE1005A9BA7 /* RPSUITests.swift */; };
/* End PBXBuildFile section */

/* Begin PBXContainerItemProxy section */
		A45C2BD323072AE1005A9BA7 /* PBXContainerItemProxy */ = {
			isa = PBXContainerItemProxy;
			containerPortal = A45C2BB623072AE0005A9BA7 /* Project object */;
			proxyType = 1;
			remoteGlobalIDString = A45C2BBD23072AE0005A9BA7;
			remoteInfo = RPS;
		};
		A45C2BDE23072AE1005A9BA7 /* PBXContainerItemProxy */ = {
			isa = PBXContainerItemProxy;
			containerPortal = A45C2BB623072AE0005A9BA7 /* Project object */;
			proxyType = 1;
			remoteGlobalIDString = A45C2BBD23072AE0005A9BA7;
			remoteInfo = RPS;
		};
/* End PBXContainerItemProxy section */

/* Begin PBXFileReference section */
		A4197F5023072C3500EC758C /* Sign.swift */ = {isa = PBXFileReference; lastKnownFileType = sourcecode.swift; path = Sign.swift; sourceTree = "<group>"; };
		A4197F5223072C5A00EC758C /* GameState.swift */ = {isa = PBXFileReference; lastKnownFileType = sourcecode.swift; path = GameState.swift; sourceTree = "<group>"; };
		A45C2BBE23072AE0005A9BA7 /* RPS.app */ = {isa = PBXFileReference; explicitFileType = wrapper.application; includeInIndex = 0; path = RPS.app; sourceTree = BUILT_PRODUCTS_DIR; };
		A45C2BC123072AE0005A9BA7 /* AppDelegate.swift */ = {isa = PBXFileReference; lastKnownFileType = sourcecode.swift; path = AppDelegate.swift; sourceTree = "<group>"; };
		A45C2BC323072AE0005A9BA7 /* ViewController.swift */ = {isa = PBXFileReference; lastKnownFileType = sourcecode.swift; path = ViewController.swift; sourceTree = "<group>"; };
		A45C2BC623072AE0005A9BA7 /* Base */ = {isa = PBXFileReference; lastKnownFileType = file.storyboard; name = Base; path = Base.lproj/Main.storyboard; sourceTree = "<group>"; };
		A45C2BC823072AE1005A9BA7 /* Assets.xcassets */ = {isa = PBXFileReference; lastKnownFileType = folder.assetcatalog; path = Assets.xcassets; sourceTree = "<group>"; };
		A45C2BCB23072AE1005A9BA7 /* Base */ = {isa = PBXFileReference; lastKnownFileType = file.storyboard; name = Base; path = Base.lproj/LaunchScreen.storyboard; sourceTree = "<group>"; };
		A45C2BCD23072AE1005A9BA7 /* Info.plist */ = {isa = PBXFileReference; lastKnownFileType = text.plist.xml; path = Info.plist; sourceTree = "<group>"; };
		A45C2BD223072AE1005A9BA7 /* RPSTests.xctest */ = {isa = PBXFileReference; explicitFileType = wrapper.cfbundle; includeInIndex = 0; path = RPSTests.xctest; sourceTree = BUILT_PRODUCTS_DIR; };
		A45C2BD623072AE1005A9BA7 /* RPSTests.swift */ = {isa = PBXFileReference; lastKnownFileType = sourcecode.swift; path = RPSTests.swift; sourceTree = "<group>"; };
		A45C2BD823072AE1005A9BA7 /* Info.plist */ = {isa = PBXFileReference; lastKnownFileType = text.plist.xml; path = Info.plist; sourceTree = "<group>"; };
		A45C2BDD23072AE1005A9BA7 /* RPSUITests.xctest */ = {isa = PBXFileReference; explicitFileType = wrapper.cfbundle; includeInIndex = 0; path = RPSUITests.xctest; sourceTree = BUILT_PRODUCTS_DIR; };
		A45C2BE123072AE1005A9BA7 /* RPSUITests.swift */ = {isa = PBXFileReference; lastKnownFileType = sourcecode.swift; path = RPSUITests.swift; sourceTree = "<group>"; };
		A45C2BE323072AE1005A9BA7 /* Info.plist */ = {isa = PBXFileReference; lastKnownFileType = text.plist.xml; path = Info.plist; sourceTree = "<group>"; };
/* End PBXFileReference section */

/* Begin PBXFrameworksBuildPhase section */
		A45C2BBB23072AE0005A9BA7 /* Frameworks */ = {
			isa = PBXFrameworksBuildPhase;
			buildActionMask = 2147483647;
			files = (
			);
			runOnlyForDeploymentPostprocessing = 0;
		};
		A45C2BCF23072AE1005A9BA7 /* Frameworks */ = {
			isa = PBXFrameworksBuildPhase;
			buildActionMask = 2147483647;
			files = (
			);
			runOnlyForDeploymentPostprocessing = 0;
		};
		A45C2BDA23072AE1005A9BA7 /* Frameworks */ = {
			isa = PBXFrameworksBuildPhase;
			buildActionMask = 2147483647;
			files = (
			);
			runOnlyForDeploymentPostprocessing = 0;
		};
/* End PBXFrameworksBuildPhase section */

/* Begin PBXGroup section */
		A45C2BB523072AE0005A9BA7 = {
			isa = PBXGroup;
			children = (
				A45C2BC023072AE0005A9BA7 /* RPS */,
				A45C2BD523072AE1005A9BA7 /* RPSTests */,
				A45C2BE023072AE1005A9BA7 /* RPSUITests */,
				A45C2BBF23072AE0005A9BA7 /* Products */,
			);
			sourceTree = "<group>";
		};
		A45C2BBF23072AE0005A9BA7 /* Products */ = {
			isa = PBXGroup;
			children = (
				A45C2BBE23072AE0005A9BA7 /* RPS.app */,
				A45C2BD223072AE1005A9BA7 /* RPSTests.xctest */,
				A45C2BDD23072AE1005A9BA7 /* RPSUITests.xctest */,
			);
			name = Products;
			sourceTree = "<group>";
		};
		A45C2BC023072AE0005A9BA7 /* RPS */ = {
			isa = PBXGroup;
			children = (
				A45C2BC123072AE0005A9BA7 /* AppDelegate.swift */,
				A4197F5023072C3500EC758C /* Sign.swift */,
				A4197F5223072C5A00EC758C /* GameState.swift */,
				A45C2BC323072AE0005A9BA7 /* ViewController.swift */,
				A45C2BC523072AE0005A9BA7 /* Main.storyboard */,
				A45C2BC823072AE1005A9BA7 /* Assets.xcassets */,
				A45C2BCA23072AE1005A9BA7 /* LaunchScreen.storyboard */,
				A45C2BCD23072AE1005A9BA7 /* Info.plist */,
			);
			path = RPS;
			sourceTree = "<group>";
		};
		A45C2BD523072AE1005A9BA7 /* RPSTests */ = {
			isa = PBXGroup;
			children = (
				A45C2BD623072AE1005A9BA7 /* RPSTests.swift */,
				A45C2BD823072AE1005A9BA7 /* Info.plist */,
			);
			path = RPSTests;
			sourceTree = "<group>";
		};
		A45C2BE023072AE1005A9BA7 /* RPSUITests */ = {
			isa = PBXGroup;
			children = (
				A45C2BE123072AE1005A9BA7 /* RPSUITests.swift */,
				A45C2BE323072AE1005A9BA7 /* Info.plist */,
			);
			path = RPSUITests;
			sourceTree = "<group>";
		};
/* End PBXGroup section */

/* Begin PBXNativeTarget section */
		A45C2BBD23072AE0005A9BA7 /* RPS */ = {
			isa = PBXNativeTarget;
			buildConfigurationList = A45C2BE623072AE1005A9BA7 /* Build configuration list for PBXNativeTarget "RPS" */;
			buildPhases = (
				A45C2BBA23072AE0005A9BA7 /* Sources */,
				A45C2BBB23072AE0005A9BA7 /* Frameworks */,
				A45C2BBC23072AE0005A9BA7 /* Resources */,
			);
			buildRules = (
			);
			dependencies = (
			);
			name = RPS;
			productName = RPS;
			productReference = A45C2BBE23072AE0005A9BA7 /* RPS.app */;
			productType = "com.apple.product-type.application";
		};
		A45C2BD123072AE1005A9BA7 /* RPSTests */ = {
			isa = PBXNativeTarget;
			buildConfigurationList = A45C2BE923072AE1005A9BA7 /* Build configuration list for PBXNativeTarget "RPSTests" */;
			buildPhases = (
				A45C2BCE23072AE1005A9BA7 /* Sources */,
				A45C2BCF23072AE1005A9BA7 /* Frameworks */,
				A45C2BD023072AE1005A9BA7 /* Resources */,
			);
			buildRules = (
			);
			dependencies = (
				A45C2BD423072AE1005A9BA7 /* PBXTargetDependency */,
			);
			name = RPSTests;
			productName = RPSTests;
			productReference = A45C2BD223072AE1005A9BA7 /* RPSTests.xctest */;
			productType = "com.apple.product-type.bundle.unit-test";
		};
		A45C2BDC23072AE1005A9BA7 /* RPSUITests */ = {
			isa = PBXNativeTarget;
			buildConfigurationList = A45C2BEC23072AE1005A9BA7 /* Build configuration list for PBXNativeTarget "RPSUITests" */;
			buildPhases = (
				A45C2BD923072AE1005A9BA7 /* Sources */,
				A45C2BDA23072AE1005A9BA7 /* Frameworks */,
				A45C2BDB23072AE1005A9BA7 /* Resources */,
			);
			buildRules = (
			);
			dependencies = (
				A45C2BDF23072AE1005A9BA7 /* PBXTargetDependency */,
			);
			name = RPSUITests;
			productName = RPSUITests;
			productReference = A45C2BDD23072AE1005A9BA7 /* RPSUITests.xctest */;
			productType = "com.apple.product-type.bundle.ui-testing";
		};
/* End PBXNativeTarget section */

/* Begin PBXProject section */
		A45C2BB623072AE0005A9BA7 /* Project object */ = {
			isa = PBXProject;
			attributes = {
				LastSwiftUpdateCheck = 1030;
				LastUpgradeCheck = 1030;
				ORGANIZATIONNAME = "Kohei Asai";
				TargetAttributes = {
					A45C2BBD23072AE0005A9BA7 = {
						CreatedOnToolsVersion = 10.3;
					};
					A45C2BD123072AE1005A9BA7 = {
						CreatedOnToolsVersion = 10.3;
						TestTargetID = A45C2BBD23072AE0005A9BA7;
					};
					A45C2BDC23072AE1005A9BA7 = {
						CreatedOnToolsVersion = 10.3;
						TestTargetID = A45C2BBD23072AE0005A9BA7;
					};
				};
			};
			buildConfigurationList = A45C2BB923072AE0005A9BA7 /* Build configuration list for PBXProject "RPS" */;
			compatibilityVersion = "Xcode 9.3";
			developmentRegion = en;
			hasScannedForEncodings = 0;
			knownRegions = (
				en,
				Base,
			);
			mainGroup = A45C2BB523072AE0005A9BA7;
			productRefGroup = A45C2BBF23072AE0005A9BA7 /* Products */;
			projectDirPath = "";
			projectRoot = "";
			targets = (
				A45C2BBD23072AE0005A9BA7 /* RPS */,
				A45C2BD123072AE1005A9BA7 /* RPSTests */,
				A45C2BDC23072AE1005A9BA7 /* RPSUITests */,
			);
		};
/* End PBXProject section */

/* Begin PBXResourcesBuildPhase section */
		A45C2BBC23072AE0005A9BA7 /* Resources */ = {
			isa = PBXResourcesBuildPhase;
			buildActionMask = 2147483647;
			files = (
				A45C2BCC23072AE1005A9BA7 /* LaunchScreen.storyboard in Resources */,
				A45C2BC923072AE1005A9BA7 /* Assets.xcassets in Resources */,
				A45C2BC723072AE0005A9BA7 /* Main.storyboard in Resources */,
			);
			runOnlyForDeploymentPostprocessing = 0;
		};
		A45C2BD023072AE1005A9BA7 /* Resources */ = {
			isa = PBXResourcesBuildPhase;
			buildActionMask = 2147483647;
			files = (
			);
			runOnlyForDeploymentPostprocessing = 0;
		};
		A45C2BDB23072AE1005A9BA7 /* Resources */ = {
			isa = PBXResourcesBuildPhase;
			buildActionMask = 2147483647;
			files = (
			);
			runOnlyForDeploymentPostprocessing = 0;
		};
/* End PBXResourcesBuildPhase section */

/* Begin PBXSourcesBuildPhase section */
		A45C2BBA23072AE0005A9BA7 /* Sources */ = {
			isa = PBXSourcesBuildPhase;
			buildActionMask = 2147483647;
			files = (
				A45C2BC423072AE0005A9BA7 /* ViewController.swift in Sources */,
				A4197F5323072C5A00EC758C /* GameState.swift in Sources */,
				A45C2BC223072AE0005A9BA7 /* AppDelegate.swift in Sources */,
				A4197F5123072C3500EC758C /* Sign.swift in Sources */,
			);
			runOnlyForDeploymentPostprocessing = 0;
		};
		A45C2BCE23072AE1005A9BA7 /* Sources */ = {
			isa = PBXSourcesBuildPhase;
			buildActionMask = 2147483647;
			files = (
				A45C2BD723072AE1005A9BA7 /* RPSTests.swift in Sources */,
			);
			runOnlyForDeploymentPostprocessing = 0;
		};
		A45C2BD923072AE1005A9BA7 /* Sources */ = {
			isa = PBXSourcesBuildPhase;
			buildActionMask = 2147483647;
			files = (
				A45C2BE223072AE1005A9BA7 /* RPSUITests.swift in Sources */,
			);
			runOnlyForDeploymentPostprocessing = 0;
		};
/* End PBXSourcesBuildPhase section */

/* Begin PBXTargetDependency section */
		A45C2BD423072AE1005A9BA7 /* PBXTargetDependency */ = {
			isa = PBXTargetDependency;
			target = A45C2BBD23072AE0005A9BA7 /* RPS */;
			targetProxy = A45C2BD323072AE1005A9BA7 /* PBXContainerItemProxy */;
		};
		A45C2BDF23072AE1005A9BA7 /* PBXTargetDependency */ = {
			isa = PBXTargetDependency;
			target = A45C2BBD23072AE0005A9BA7 /* RPS */;
			targetProxy = A45C2BDE23072AE1005A9BA7 /* PBXContainerItemProxy */;
		};
/* End PBXTargetDependency section */

/* Begin PBXVariantGroup section */
		A45C2BC523072AE0005A9BA7 /* Main.storyboard */ = {
			isa = PBXVariantGroup;
			children = (
				A45C2BC623072AE0005A9BA7 /* Base */,
			);
			name = Main.storyboard;
			sourceTree = "<group>";
		};
		A45C2BCA23072AE1005A9BA7 /* LaunchScreen.storyboard */ = {
			isa = PBXVariantGroup;
			children = (
				A45C2BCB23072AE1005A9BA7 /* Base */,
			);
			name = LaunchScreen.storyboard;
			sourceTree = "<group>";
		};
/* End PBXVariantGroup section */

/* Begin XCBuildConfiguration section */
		A45C2BE423072AE1005A9BA7 /* Debug */ = {
			isa = XCBuildConfiguration;
			buildSettings = {
				ALWAYS_SEARCH_USER_PATHS = NO;
				CLANG_ANALYZER_NONNULL = YES;
				CLANG_ANALYZER_NUMBER_OBJECT_CONVERSION = YES_AGGRESSIVE;
				CLANG_CXX_LANGUAGE_STANDARD = "gnu++14";
				CLANG_CXX_LIBRARY = "libc++";
				CLANG_ENABLE_MODULES = YES;
				CLANG_ENABLE_OBJC_ARC = YES;
				CLANG_ENABLE_OBJC_WEAK = YES;
				CLANG_WARN_BLOCK_CAPTURE_AUTORELEASING = YES;
				CLANG_WARN_BOOL_CONVERSION = YES;
				CLANG_WARN_COMMA = YES;
				CLANG_WARN_CONSTANT_CONVERSION = YES;
				CLANG_WARN_DEPRECATED_OBJC_IMPLEMENTATIONS = YES;
				CLANG_WARN_DIRECT_OBJC_ISA_USAGE = YES_ERROR;
				CLANG_WARN_DOCUMENTATION_COMMENTS = YES;
				CLANG_WARN_EMPTY_BODY = YES;
				CLANG_WARN_ENUM_CONVERSION = YES;
				CLANG_WARN_INFINITE_RECURSION = YES;
				CLANG_WARN_INT_CONVERSION = YES;
				CLANG_WARN_NON_LITERAL_NULL_CONVERSION = YES;
				CLANG_WARN_OBJC_IMPLICIT_RETAIN_SELF = YES;
				CLANG_WARN_OBJC_LITERAL_CONVERSION = YES;
				CLANG_WARN_OBJC_ROOT_CLASS = YES_ERROR;
				CLANG_WARN_RANGE_LOOP_ANALYSIS = YES;
				CLANG_WARN_STRICT_PROTOTYPES = YES;
				CLANG_WARN_SUSPICIOUS_MOVE = YES;
				CLANG_WARN_UNGUARDED_AVAILABILITY = YES_AGGRESSIVE;
				CLANG_WARN_UNREACHABLE_CODE = YES;
				CLANG_WARN__DUPLICATE_METHOD_MATCH = YES;
				CODE_SIGN_IDENTITY = "iPhone Developer";
				COPY_PHASE_STRIP = NO;
				DEBUG_INFORMATION_FORMAT = dwarf;
				ENABLE_STRICT_OBJC_MSGSEND = YES;
				ENABLE_TESTABILITY = YES;
				GCC_C_LANGUAGE_STANDARD = gnu11;
				GCC_DYNAMIC_NO_PIC = NO;
				GCC_NO_COMMON_BLOCKS = YES;
				GCC_OPTIMIZATION_LEVEL = 0;
				GCC_PREPROCESSOR_DEFINITIONS = (
					"DEBUG=1",
					"$(inherited)",
				);
				GCC_WARN_64_TO_32_BIT_CONVERSION = YES;
				GCC_WARN_ABOUT_RETURN_TYPE = YES_ERROR;
				GCC_WARN_UNDECLARED_SELECTOR = YES;
				GCC_WARN_UNINITIALIZED_AUTOS = YES_AGGRESSIVE;
				GCC_WARN_UNUSED_FUNCTION = YES;
				GCC_WARN_UNUSED_VARIABLE = YES;
				IPHONEOS_DEPLOYMENT_TARGET = 12.4;
				MTL_ENABLE_DEBUG_INFO = INCLUDE_SOURCE;
				MTL_FAST_MATH = YES;
				ONLY_ACTIVE_ARCH = YES;
				SDKROOT = iphoneos;
				SWIFT_ACTIVE_COMPILATION_CONDITIONS = DEBUG;
				SWIFT_OPTIMIZATION_LEVEL = "-Onone";
			};
			name = Debug;
		};
		A45C2BE523072AE1005A9BA7 /* Release */ = {
			isa = XCBuildConfiguration;
			buildSettings = {
				ALWAYS_SEARCH_USER_PATHS = NO;
				CLANG_ANALYZER_NONNULL = YES;
				CLANG_ANALYZER_NUMBER_OBJECT_CONVERSION = YES_AGGRESSIVE;
				CLANG_CXX_LANGUAGE_STANDARD = "gnu++14";
				CLANG_CXX_LIBRARY = "libc++";
				CLANG_ENABLE_MODULES = YES;
				CLANG_ENABLE_OBJC_ARC = YES;
				CLANG_ENABLE_OBJC_WEAK = YES;
				CLANG_WARN_BLOCK_CAPTURE_AUTORELEASING = YES;
				CLANG_WARN_BOOL_CONVERSION = YES;
				CLANG_WARN_COMMA = YES;
				CLANG_WARN_CONSTANT_CONVERSION = YES;
				CLANG_WARN_DEPRECATED_OBJC_IMPLEMENTATIONS = YES;
				CLANG_WARN_DIRECT_OBJC_ISA_USAGE = YES_ERROR;
				CLANG_WARN_DOCUMENTATION_COMMENTS = YES;
				CLANG_WARN_EMPTY_BODY = YES;
				CLANG_WARN_ENUM_CONVERSION = YES;
				CLANG_WARN_INFINITE_RECURSION = YES;
				CLANG_WARN_INT_CONVERSION = YES;
				CLANG_WARN_NON_LITERAL_NULL_CONVERSION = YES;
				CLANG_WARN_OBJC_IMPLICIT_RETAIN_SELF = YES;
				CLANG_WARN_OBJC_LITERAL_CONVERSION = YES;
				CLANG_WARN_OBJC_ROOT_CLASS = YES_ERROR;
				CLANG_WARN_RANGE_LOOP_ANALYSIS = YES;
				CLANG_WARN_STRICT_PROTOTYPES = YES;
				CLANG_WARN_SUSPICIOUS_MOVE = YES;
				CLANG_WARN_UNGUARDED_AVAILABILITY = YES_AGGRESSIVE;
				CLANG_WARN_UNREACHABLE_CODE = YES;
				CLANG_WARN__DUPLICATE_METHOD_MATCH = YES;
				CODE_SIGN_IDENTITY = "iPhone Developer";
				COPY_PHASE_STRIP = NO;
				DEBUG_INFORMATION_FORMAT = "dwarf-with-dsym";
				ENABLE_NS_ASSERTIONS = NO;
				ENABLE_STRICT_OBJC_MSGSEND = YES;
				GCC_C_LANGUAGE_STANDARD = gnu11;
				GCC_NO_COMMON_BLOCKS = YES;
				GCC_WARN_64_TO_32_BIT_CONVERSION = YES;
				GCC_WARN_ABOUT_RETURN_TYPE = YES_ERROR;
				GCC_WARN_UNDECLARED_SELECTOR = YES;
				GCC_WARN_UNINITIALIZED_AUTOS = YES_AGGRESSIVE;
				GCC_WARN_UNUSED_FUNCTION = YES;
				GCC_WARN_UNUSED_VARIABLE = YES;
				IPHONEOS_DEPLOYMENT_TARGET = 12.4;
				MTL_ENABLE_DEBUG_INFO = NO;
				MTL_FAST_MATH = YES;
				SDKROOT = iphoneos;
				SWIFT_COMPILATION_MODE = wholemodule;
				SWIFT_OPTIMIZATION_LEVEL = "-O";
				VALIDATE_PRODUCT = YES;
			};
			name = Release;
		};
		A45C2BE723072AE1005A9BA7 /* Debug */ = {
			isa = XCBuildConfiguration;
			buildSettings = {
				ASSETCATALOG_COMPILER_APPICON_NAME = AppIcon;
				CODE_SIGN_STYLE = Automatic;
				INFOPLIST_FILE = RPS/Info.plist;
				LD_RUNPATH_SEARCH_PATHS = (
					"$(inherited)",
					"@executable_path/Frameworks",
				);
				PRODUCT_BUNDLE_IDENTIFIER = app.axross.RPS;
				PRODUCT_NAME = "$(TARGET_NAME)";
				SWIFT_VERSION = 5.0;
				TARGETED_DEVICE_FAMILY = "1,2";
			};
			name = Debug;
		};
		A45C2BE823072AE1005A9BA7 /* Release */ = {
			isa = XCBuildConfiguration;
			buildSettings = {
				ASSETCATALOG_COMPILER_APPICON_NAME = AppIcon;
				CODE_SIGN_STYLE = Automatic;
				INFOPLIST_FILE = RPS/Info.plist;
				LD_RUNPATH_SEARCH_PATHS = (
					"$(inherited)",
					"@executable_path/Frameworks",
				);
				PRODUCT_BUNDLE_IDENTIFIER = app.axross.RPS;
				PRODUCT_NAME = "$(TARGET_NAME)";
				SWIFT_VERSION = 5.0;
				TARGETED_DEVICE_FAMILY = "1,2";
			};
			name = Release;
		};
		A45C2BEA23072AE1005A9BA7 /* Debug */ = {
			isa = XCBuildConfiguration;
			buildSettings = {
				ALWAYS_EMBED_SWIFT_STANDARD_LIBRARIES = YES;
				BUNDLE_LOADER = "$(TEST_HOST)";
				CODE_SIGN_STYLE = Automatic;
				INFOPLIST_FILE = RPSTests/Info.plist;
				LD_RUNPATH_SEARCH_PATHS = (
					"$(inherited)",
					"@executable_path/Frameworks",
					"@loader_path/Frameworks",
				);
				PRODUCT_BUNDLE_IDENTIFIER = app.axross.RPSTests;
				PRODUCT_NAME = "$(TARGET_NAME)";
				SWIFT_VERSION = 5.0;
				TARGETED_DEVICE_FAMILY = "1,2";
				TEST_HOST = "$(BUILT_PRODUCTS_DIR)/RPS.app/RPS";
			};
			name = Debug;
		};
		A45C2BEB23072AE1005A9BA7 /* Release */ = {
			isa = XCBuildConfiguration;
			buildSettings = {
				ALWAYS_EMBED_SWIFT_STANDARD_LIBRARIES = YES;
				BUNDLE_LOADER = "$(TEST_HOST)";
				CODE_SIGN_STYLE = Automatic;
				INFOPLIST_FILE = RPSTests/Info.plist;
				LD_RUNPATH_SEARCH_PATHS = (
					"$(inherited)",
					"@executable_path/Frameworks",
					"@loader_path/Frameworks",
				);
				PRODUCT_BUNDLE_IDENTIFIER = app.axross.RPSTests;
				PRODUCT_NAME = "$(TARGET_NAME)";
				SWIFT_VERSION = 5.0;
				TARGETED_DEVICE_FAMILY = "1,2";
				TEST_HOST = "$(BUILT_PRODUCTS_DIR)/RPS.app/RPS";
			};
			name = Release;
		};
		A45C2BED23072AE1005A9BA7 /* Debug */ = {
			isa = XCBuildConfiguration;
			buildSettings = {
				ALWAYS_EMBED_SWIFT_STANDARD_LIBRARIES = YES;
				CODE_SIGN_STYLE = Automatic;
				INFOPLIST_FILE = RPSUITests/Info.plist;
				LD_RUNPATH_SEARCH_PATHS = (
					"$(inherited)",
					"@executable_path/Frameworks",
					"@loader_path/Frameworks",
				);
				PRODUCT_BUNDLE_IDENTIFIER = app.axross.RPSUITests;
				PRODUCT_NAME = "$(TARGET_NAME)";
				SWIFT_VERSION = 5.0;
				TARGETED_DEVICE_FAMILY = "1,2";
				TEST_TARGET_NAME = RPS;
			};
			name = Debug;
		};
		A45C2BEE23072AE1005A9BA7 /* Release */ = {
			isa = XCBuildConfiguration;
			buildSettings = {
				ALWAYS_EMBED_SWIFT_STANDARD_LIBRARIES = YES;
				CODE_SIGN_STYLE = Automatic;
				INFOPLIST_FILE = RPSUITests/Info.plist;
				LD_RUNPATH_SEARCH_PATHS = (
					"$(inherited)",
					"@executable_path/Frameworks",
					"@loader_path/Frameworks",
				);
				PRODUCT_BUNDLE_IDENTIFIER = app.axross.RPSUITests;
				PRODUCT_NAME = "$(TARGET_NAME)";
				SWIFT_VERSION = 5.0;
				TARGETED_DEVICE_FAMILY = "1,2";
				TEST_TARGET_NAME = RPS;
			};
			name = Release;
		};
/* End XCBuildConfiguration section */

/* Begin XCConfigurationList section */
		A45C2BB923072AE0005A9BA7 /* Build configuration list for PBXProject "RPS" */ = {
			isa = XCConfigurationList;
			buildConfigurations = (
				A45C2BE423072AE1005A9BA7 /* Debug */,
				A45C2BE523072AE1005A9BA7 /* Release */,
			);
			defaultConfigurationIsVisible = 0;
			defaultConfigurationName = Release;
		};
		A45C2BE623072AE1005A9BA7 /* Build configuration list for PBXNativeTarget "RPS" */ = {
			isa = XCConfigurationList;
			buildConfigurations = (
				A45C2BE723072AE1005A9BA7 /* Debug */,
				A45C2BE823072AE1005A9BA7 /* Release */,
			);
			defaultConfigurationIsVisible = 0;
			defaultConfigurationName = Release;
		};
		A45C2BE923072AE1005A9BA7 /* Build configuration list for PBXNativeTarget "RPSTests" */ = {
			isa = XCConfigurationList;
			buildConfigurations = (
				A45C2BEA23072AE1005A9BA7 /* Debug */,
				A45C2BEB23072AE1005A9BA7 /* Release */,
			);
			defaultConfigurationIsVisible = 0;
			defaultConfigurationName = Release;
		};
		A45C2BEC23072AE1005A9BA7 /* Build configuration list for PBXNativeTarget "RPSUITests" */ = {
			isa = XCConfigurationList;
			buildConfigurations = (
				A45C2BED23072AE1005A9BA7 /* Debug */,
				A45C2BEE23072AE1005A9BA7 /* Release */,
			);
			defaultConfigurationIsVisible = 0;
			defaultConfigurationName = Release;
		};
/* End XCConfigurationList section */
	};
	rootObject = A45C2BB623072AE0005A9BA7 /* Project object */;
}
