// !$*UTF8*$!
{
	archiveVersion = 1;
	classes = {
	};
	objectVersion = 50;
	objects = {

/* Begin PBXBuildFile section */
		A49DCF51232C103F002A52E3 /* ToDoDetailTableViewController.swift in Sources */ = {isa = PBXBuildFile; fileRef = A49DCF50232C103F002A52E3 /* ToDoDetailTableViewController.swift */; };
		A49DCF53232C4B41002A52E3 /* ToDoListTableViewCell.swift in Sources */ = {isa = PBXBuildFile; fileRef = A49DCF52232C4B41002A52E3 /* ToDoListTableViewCell.swift */; };
		A4EC38E8232C019700EA9F34 /* AppDelegate.swift in Sources */ = {isa = PBXBuildFile; fileRef = A4EC38E7232C019700EA9F34 /* AppDelegate.swift */; };
		A4EC38ED232C019700EA9F34 /* Main.storyboard in Resources */ = {isa = PBXBuildFile; fileRef = A4EC38EB232C019700EA9F34 /* Main.storyboard */; };
		A4EC38EF232C019700EA9F34 /* Assets.xcassets in Resources */ = {isa = PBXBuildFile; fileRef = A4EC38EE232C019700EA9F34 /* Assets.xcassets */; };
		A4EC38F2232C019700EA9F34 /* LaunchScreen.storyboard in Resources */ = {isa = PBXBuildFile; fileRef = A4EC38F0232C019700EA9F34 /* LaunchScreen.storyboard */; };
		A4EC38FA232C05B100EA9F34 /* ToDo.swift in Sources */ = {isa = PBXBuildFile; fileRef = A4EC38F9232C05B100EA9F34 /* ToDo.swift */; };
		A4EC38FC232C060700EA9F34 /* TodoListTableViewController.swift in Sources */ = {isa = PBXBuildFile; fileRef = A4EC38FB232C060700EA9F34 /* TodoListTableViewController.swift */; };
/* End PBXBuildFile section */

/* Begin PBXFileReference section */
		A49DCF50232C103F002A52E3 /* ToDoDetailTableViewController.swift */ = {isa = PBXFileReference; lastKnownFileType = sourcecode.swift; path = ToDoDetailTableViewController.swift; sourceTree = "<group>"; };
		A49DCF52232C4B41002A52E3 /* ToDoListTableViewCell.swift */ = {isa = PBXFileReference; lastKnownFileType = sourcecode.swift; path = ToDoListTableViewCell.swift; sourceTree = "<group>"; };
		A4EC38E4232C019700EA9F34 /* ToDoList.app */ = {isa = PBXFileReference; explicitFileType = wrapper.application; includeInIndex = 0; path = ToDoList.app; sourceTree = BUILT_PRODUCTS_DIR; };
		A4EC38E7232C019700EA9F34 /* AppDelegate.swift */ = {isa = PBXFileReference; lastKnownFileType = sourcecode.swift; path = AppDelegate.swift; sourceTree = "<group>"; };
		A4EC38EC232C019700EA9F34 /* Base */ = {isa = PBXFileReference; lastKnownFileType = file.storyboard; name = Base; path = Base.lproj/Main.storyboard; sourceTree = "<group>"; };
		A4EC38EE232C019700EA9F34 /* Assets.xcassets */ = {isa = PBXFileReference; lastKnownFileType = folder.assetcatalog; path = Assets.xcassets; sourceTree = "<group>"; };
		A4EC38F1232C019700EA9F34 /* Base */ = {isa = PBXFileReference; lastKnownFileType = file.storyboard; name = Base; path = Base.lproj/LaunchScreen.storyboard; sourceTree = "<group>"; };
		A4EC38F3232C019700EA9F34 /* Info.plist */ = {isa = PBXFileReference; lastKnownFileType = text.plist.xml; path = Info.plist; sourceTree = "<group>"; };
		A4EC38F9232C05B100EA9F34 /* ToDo.swift */ = {isa = PBXFileReference; lastKnownFileType = sourcecode.swift; path = ToDo.swift; sourceTree = "<group>"; };
		A4EC38FB232C060700EA9F34 /* TodoListTableViewController.swift */ = {isa = PBXFileReference; lastKnownFileType = sourcecode.swift; path = TodoListTableViewController.swift; sourceTree = "<group>"; };
/* End PBXFileReference section */

/* Begin PBXFrameworksBuildPhase section */
		A4EC38E1232C019700EA9F34 /* Frameworks */ = {
			isa = PBXFrameworksBuildPhase;
			buildActionMask = 2147483647;
			files = (
			);
			runOnlyForDeploymentPostprocessing = 0;
		};
/* End PBXFrameworksBuildPhase section */

/* Begin PBXGroup section */
		A4EC38DB232C019700EA9F34 = {
			isa = PBXGroup;
			children = (
				A4EC38E6232C019700EA9F34 /* ToDoList */,
				A4EC38E5232C019700EA9F34 /* Products */,
			);
			sourceTree = "<group>";
		};
		A4EC38E5232C019700EA9F34 /* Products */ = {
			isa = PBXGroup;
			children = (
				A4EC38E4232C019700EA9F34 /* ToDoList.app */,
			);
			name = Products;
			sourceTree = "<group>";
		};
		A4EC38E6232C019700EA9F34 /* ToDoList */ = {
			isa = PBXGroup;
			children = (
				A4EC38E7232C019700EA9F34 /* AppDelegate.swift */,
				A4EC38FB232C060700EA9F34 /* TodoListTableViewController.swift */,
				A49DCF52232C4B41002A52E3 /* ToDoListTableViewCell.swift */,
				A4EC38EB232C019700EA9F34 /* Main.storyboard */,
				A49DCF50232C103F002A52E3 /* ToDoDetailTableViewController.swift */,
				A4EC38F9232C05B100EA9F34 /* ToDo.swift */,
				A4EC38EE232C019700EA9F34 /* Assets.xcassets */,
				A4EC38F0232C019700EA9F34 /* LaunchScreen.storyboard */,
				A4EC38F3232C019700EA9F34 /* Info.plist */,
			);
			path = ToDoList;
			sourceTree = "<group>";
		};
/* End PBXGroup section */

/* Begin PBXNativeTarget section */
		A4EC38E3232C019700EA9F34 /* ToDoList */ = {
			isa = PBXNativeTarget;
			buildConfigurationList = A4EC38F6232C019700EA9F34 /* Build configuration list for PBXNativeTarget "ToDoList" */;
			buildPhases = (
				A4EC38E0232C019700EA9F34 /* Sources */,
				A4EC38E1232C019700EA9F34 /* Frameworks */,
				A4EC38E2232C019700EA9F34 /* Resources */,
			);
			buildRules = (
			);
			dependencies = (
			);
			name = ToDoList;
			productName = ToDoList;
			productReference = A4EC38E4232C019700EA9F34 /* ToDoList.app */;
			productType = "com.apple.product-type.application";
		};
/* End PBXNativeTarget section */

/* Begin PBXProject section */
		A4EC38DC232C019700EA9F34 /* Project object */ = {
			isa = PBXProject;
			attributes = {
				LastSwiftUpdateCheck = 1030;
				LastUpgradeCheck = 1030;
				ORGANIZATIONNAME = "Kohei Asai";
				TargetAttributes = {
					A4EC38E3232C019700EA9F34 = {
						CreatedOnToolsVersion = 10.3;
					};
				};
			};
			buildConfigurationList = A4EC38DF232C019700EA9F34 /* Build configuration list for PBXProject "ToDoList" */;
			compatibilityVersion = "Xcode 9.3";
			developmentRegion = en;
			hasScannedForEncodings = 0;
			knownRegions = (
				en,
				Base,
			);
			mainGroup = A4EC38DB232C019700EA9F34;
			productRefGroup = A4EC38E5232C019700EA9F34 /* Products */;
			projectDirPath = "";
			projectRoot = "";
			targets = (
				A4EC38E3232C019700EA9F34 /* ToDoList */,
			);
		};
/* End PBXProject section */

/* Begin PBXResourcesBuildPhase section */
		A4EC38E2232C019700EA9F34 /* Resources */ = {
			isa = PBXResourcesBuildPhase;
			buildActionMask = 2147483647;
			files = (
				A4EC38F2232C019700EA9F34 /* LaunchScreen.storyboard in Resources */,
				A4EC38EF232C019700EA9F34 /* Assets.xcassets in Resources */,
				A4EC38ED232C019700EA9F34 /* Main.storyboard in Resources */,
			);
			runOnlyForDeploymentPostprocessing = 0;
		};
/* End PBXResourcesBuildPhase section */

/* Begin PBXSourcesBuildPhase section */
		A4EC38E0232C019700EA9F34 /* Sources */ = {
			isa = PBXSourcesBuildPhase;
			buildActionMask = 2147483647;
			files = (
				A49DCF51232C103F002A52E3 /* ToDoDetailTableViewController.swift in Sources */,
				A4EC38FA232C05B100EA9F34 /* ToDo.swift in Sources */,
				A49DCF53232C4B41002A52E3 /* ToDoListTableViewCell.swift in Sources */,
				A4EC38E8232C019700EA9F34 /* AppDelegate.swift in Sources */,
				A4EC38FC232C060700EA9F34 /* TodoListTableViewController.swift in Sources */,
			);
			runOnlyForDeploymentPostprocessing = 0;
		};
/* End PBXSourcesBuildPhase section */

/* Begin PBXVariantGroup section */
		A4EC38EB232C019700EA9F34 /* Main.storyboard */ = {
			isa = PBXVariantGroup;
			children = (
				A4EC38EC232C019700EA9F34 /* Base */,
			);
			name = Main.storyboard;
			sourceTree = "<group>";
		};
		A4EC38F0232C019700EA9F34 /* LaunchScreen.storyboard */ = {
			isa = PBXVariantGroup;
			children = (
				A4EC38F1232C019700EA9F34 /* Base */,
			);
			name = LaunchScreen.storyboard;
			sourceTree = "<group>";
		};
/* End PBXVariantGroup section */

/* Begin XCBuildConfiguration section */
		A4EC38F4232C019700EA9F34 /* Debug */ = {
			isa = XCBuildConfiguration;
			buildSettings = {
				ALWAYS_SEARCH_USER_PATHS = NO;
				CLANG_ANALYZER_NONNULL = YES;
				CLANG_ANALYZER_NUMBER_OBJECT_CONVERSION = YES_AGGRESSIVE;
				CLANG_CXX_LANGUAGE_STANDARD = "gnu++14";
				CLANG_CXX_LIBRARY = "libc++";
				CLANG_ENABLE_MODULES = YES;
				CLANG_ENABLE_OBJC_ARC = YES;
				CLANG_ENABLE_OBJC_WEAK = YES;
				CLANG_WARN_BLOCK_CAPTURE_AUTORELEASING = YES;
				CLANG_WARN_BOOL_CONVERSION = YES;
				CLANG_WARN_COMMA = YES;
				CLANG_WARN_CONSTANT_CONVERSION = YES;
				CLANG_WARN_DEPRECATED_OBJC_IMPLEMENTATIONS = YES;
				CLANG_WARN_DIRECT_OBJC_ISA_USAGE = YES_ERROR;
				CLANG_WARN_DOCUMENTATION_COMMENTS = YES;
				CLANG_WARN_EMPTY_BODY = YES;
				CLANG_WARN_ENUM_CONVERSION = YES;
				CLANG_WARN_INFINITE_RECURSION = YES;
				CLANG_WARN_INT_CONVERSION = YES;
				CLANG_WARN_NON_LITERAL_NULL_CONVERSION = YES;
				CLANG_WARN_OBJC_IMPLICIT_RETAIN_SELF = YES;
				CLANG_WARN_OBJC_LITERAL_CONVERSION = YES;
				CLANG_WARN_OBJC_ROOT_CLASS = YES_ERROR;
				CLANG_WARN_RANGE_LOOP_ANALYSIS = YES;
				CLANG_WARN_STRICT_PROTOTYPES = YES;
				CLANG_WARN_SUSPICIOUS_MOVE = YES;
				CLANG_WARN_UNGUARDED_AVAILABILITY = YES_AGGRESSIVE;
				CLANG_WARN_UNREACHABLE_CODE = YES;
				CLANG_WARN__DUPLICATE_METHOD_MATCH = YES;
				CODE_SIGN_IDENTITY = "iPhone Developer";
				COPY_PHASE_STRIP = NO;
				DEBUG_INFORMATION_FORMAT = dwarf;
				ENABLE_STRICT_OBJC_MSGSEND = YES;
				ENABLE_TESTABILITY = YES;
				GCC_C_LANGUAGE_STANDARD = gnu11;
				GCC_DYNAMIC_NO_PIC = NO;
				GCC_NO_COMMON_BLOCKS = YES;
				GCC_OPTIMIZATION_LEVEL = 0;
				GCC_PREPROCESSOR_DEFINITIONS = (
					"DEBUG=1",
					"$(inherited)",
				);
				GCC_WARN_64_TO_32_BIT_CONVERSION = YES;
				GCC_WARN_ABOUT_RETURN_TYPE = YES_ERROR;
				GCC_WARN_UNDECLARED_SELECTOR = YES;
				GCC_WARN_UNINITIALIZED_AUTOS = YES_AGGRESSIVE;
				GCC_WARN_UNUSED_FUNCTION = YES;
				GCC_WARN_UNUSED_VARIABLE = YES;
				IPHONEOS_DEPLOYMENT_TARGET = 12.4;
				MTL_ENABLE_DEBUG_INFO = INCLUDE_SOURCE;
				MTL_FAST_MATH = YES;
				ONLY_ACTIVE_ARCH = YES;
				SDKROOT = iphoneos;
				SWIFT_ACTIVE_COMPILATION_CONDITIONS = DEBUG;
				SWIFT_OPTIMIZATION_LEVEL = "-Onone";
			};
			name = Debug;
		};
		A4EC38F5232C019700EA9F34 /* Release */ = {
			isa = XCBuildConfiguration;
			buildSettings = {
				ALWAYS_SEARCH_USER_PATHS = NO;
				CLANG_ANALYZER_NONNULL = YES;
				CLANG_ANALYZER_NUMBER_OBJECT_CONVERSION = YES_AGGRESSIVE;
				CLANG_CXX_LANGUAGE_STANDARD = "gnu++14";
				CLANG_CXX_LIBRARY = "libc++";
				CLANG_ENABLE_MODULES = YES;
				CLANG_ENABLE_OBJC_ARC = YES;
				CLANG_ENABLE_OBJC_WEAK = YES;
				CLANG_WARN_BLOCK_CAPTURE_AUTORELEASING = YES;
				CLANG_WARN_BOOL_CONVERSION = YES;
				CLANG_WARN_COMMA = YES;
				CLANG_WARN_CONSTANT_CONVERSION = YES;
				CLANG_WARN_DEPRECATED_OBJC_IMPLEMENTATIONS = YES;
				CLANG_WARN_DIRECT_OBJC_ISA_USAGE = YES_ERROR;
				CLANG_WARN_DOCUMENTATION_COMMENTS = YES;
				CLANG_WARN_EMPTY_BODY = YES;
				CLANG_WARN_ENUM_CONVERSION = YES;
				CLANG_WARN_INFINITE_RECURSION = YES;
				CLANG_WARN_INT_CONVERSION = YES;
				CLANG_WARN_NON_LITERAL_NULL_CONVERSION = YES;
				CLANG_WARN_OBJC_IMPLICIT_RETAIN_SELF = YES;
				CLANG_WARN_OBJC_LITERAL_CONVERSION = YES;
				CLANG_WARN_OBJC_ROOT_CLASS = YES_ERROR;
				CLANG_WARN_RANGE_LOOP_ANALYSIS = YES;
				CLANG_WARN_STRICT_PROTOTYPES = YES;
				CLANG_WARN_SUSPICIOUS_MOVE = YES;
				CLANG_WARN_UNGUARDED_AVAILABILITY = YES_AGGRESSIVE;
				CLANG_WARN_UNREACHABLE_CODE = YES;
				CLANG_WARN__DUPLICATE_METHOD_MATCH = YES;
				CODE_SIGN_IDENTITY = "iPhone Developer";
				COPY_PHASE_STRIP = NO;
				DEBUG_INFORMATION_FORMAT = "dwarf-with-dsym";
				ENABLE_NS_ASSERTIONS = NO;
				ENABLE_STRICT_OBJC_MSGSEND = YES;
				GCC_C_LANGUAGE_STANDARD = gnu11;
				GCC_NO_COMMON_BLOCKS = YES;
				GCC_WARN_64_TO_32_BIT_CONVERSION = YES;
				GCC_WARN_ABOUT_RETURN_TYPE = YES_ERROR;
				GCC_WARN_UNDECLARED_SELECTOR = YES;
				GCC_WARN_UNINITIALIZED_AUTOS = YES_AGGRESSIVE;
				GCC_WARN_UNUSED_FUNCTION = YES;
				GCC_WARN_UNUSED_VARIABLE = YES;
				IPHONEOS_DEPLOYMENT_TARGET = 12.4;
				MTL_ENABLE_DEBUG_INFO = NO;
				MTL_FAST_MATH = YES;
				SDKROOT = iphoneos;
				SWIFT_COMPILATION_MODE = wholemodule;
				SWIFT_OPTIMIZATION_LEVEL = "-O";
				VALIDATE_PRODUCT = YES;
			};
			name = Release;
		};
		A4EC38F7232C019700EA9F34 /* Debug */ = {
			isa = XCBuildConfiguration;
			buildSettings = {
				ASSETCATALOG_COMPILER_APPICON_NAME = AppIcon;
				CODE_SIGN_STYLE = Automatic;
				INFOPLIST_FILE = ToDoList/Info.plist;
				LD_RUNPATH_SEARCH_PATHS = (
					"$(inherited)",
					"@executable_path/Frameworks",
				);
				PRODUCT_BUNDLE_IDENTIFIER = app.axross.ToDoList;
				PRODUCT_NAME = "$(TARGET_NAME)";
				SWIFT_VERSION = 5.0;
				TARGETED_DEVICE_FAMILY = "1,2";
			};
			name = Debug;
		};
		A4EC38F8232C019700EA9F34 /* Release */ = {
			isa = XCBuildConfiguration;
			buildSettings = {
				ASSETCATALOG_COMPILER_APPICON_NAME = AppIcon;
				CODE_SIGN_STYLE = Automatic;
				INFOPLIST_FILE = ToDoList/Info.plist;
				LD_RUNPATH_SEARCH_PATHS = (
					"$(inherited)",
					"@executable_path/Frameworks",
				);
				PRODUCT_BUNDLE_IDENTIFIER = app.axross.ToDoList;
				PRODUCT_NAME = "$(TARGET_NAME)";
				SWIFT_VERSION = 5.0;
				TARGETED_DEVICE_FAMILY = "1,2";
			};
			name = Release;
		};
/* End XCBuildConfiguration section */

/* Begin XCConfigurationList section */
		A4EC38DF232C019700EA9F34 /* Build configuration list for PBXProject "ToDoList" */ = {
			isa = XCConfigurationList;
			buildConfigurations = (
				A4EC38F4232C019700EA9F34 /* Debug */,
				A4EC38F5232C019700EA9F34 /* Release */,
			);
			defaultConfigurationIsVisible = 0;
			defaultConfigurationName = Release;
		};
		A4EC38F6232C019700EA9F34 /* Build configuration list for PBXNativeTarget "ToDoList" */ = {
			isa = XCConfigurationList;
			buildConfigurations = (
				A4EC38F7232C019700EA9F34 /* Debug */,
				A4EC38F8232C019700EA9F34 /* Release */,
			);
			defaultConfigurationIsVisible = 0;
			defaultConfigurationName = Release;
		};
/* End XCConfigurationList section */
	};
	rootObject = A4EC38DC232C019700EA9F34 /* Project object */;
}
