// !$*UTF8*$!
{
	archiveVersion = 1;
	classes = {
	};
	objectVersion = 50;
	objects = {

/* Begin PBXBuildFile section */
		A4504828230C5C68008D3B86 /* AppDelegate.swift in Sources */ = {isa = PBXBuildFile; fileRef = A4504827230C5C68008D3B86 /* AppDelegate.swift */; };
		A450482A230C5C68008D3B86 /* SceneDelegate.swift in Sources */ = {isa = PBXBuildFile; fileRef = A4504829230C5C68008D3B86 /* SceneDelegate.swift */; };
		A450482C230C5C68008D3B86 /* ContentView.swift in Sources */ = {isa = PBXBuildFile; fileRef = A450482B230C5C68008D3B86 /* ContentView.swift */; };
		A450482E230C5C6A008D3B86 /* Assets.xcassets in Resources */ = {isa = PBXBuildFile; fileRef = A450482D230C5C6A008D3B86 /* Assets.xcassets */; };
		A4504831230C5C6A008D3B86 /* Preview Assets.xcassets in Resources */ = {isa = PBXBuildFile; fileRef = A4504830230C5C6A008D3B86 /* Preview Assets.xcassets */; };
		A4504834230C5C6A008D3B86 /* LaunchScreen.storyboard in Resources */ = {isa = PBXBuildFile; fileRef = A4504832230C5C6A008D3B86 /* LaunchScreen.storyboard */; };
		A450483C230C7BCD008D3B86 /* AlertButton.swift in Sources */ = {isa = PBXBuildFile; fileRef = A450483B230C7BCD008D3B86 /* AlertButton.swift */; };
/* End PBXBuildFile section */

/* Begin PBXFileReference section */
		A4504824230C5C68008D3B86 /* AutoLayoutSwiftUI.app */ = {isa = PBXFileReference; explicitFileType = wrapper.application; includeInIndex = 0; path = AutoLayoutSwiftUI.app; sourceTree = BUILT_PRODUCTS_DIR; };
		A4504827230C5C68008D3B86 /* AppDelegate.swift */ = {isa = PBXFileReference; lastKnownFileType = sourcecode.swift; path = AppDelegate.swift; sourceTree = "<group>"; };
		A4504829230C5C68008D3B86 /* SceneDelegate.swift */ = {isa = PBXFileReference; lastKnownFileType = sourcecode.swift; path = SceneDelegate.swift; sourceTree = "<group>"; };
		A450482B230C5C68008D3B86 /* ContentView.swift */ = {isa = PBXFileReference; lastKnownFileType = sourcecode.swift; path = ContentView.swift; sourceTree = "<group>"; };
		A450482D230C5C6A008D3B86 /* Assets.xcassets */ = {isa = PBXFileReference; lastKnownFileType = folder.assetcatalog; path = Assets.xcassets; sourceTree = "<group>"; };
		A4504830230C5C6A008D3B86 /* Preview Assets.xcassets */ = {isa = PBXFileReference; lastKnownFileType = folder.assetcatalog; path = "Preview Assets.xcassets"; sourceTree = "<group>"; };
		A4504833230C5C6A008D3B86 /* Base */ = {isa = PBXFileReference; lastKnownFileType = file.storyboard; name = Base; path = Base.lproj/LaunchScreen.storyboard; sourceTree = "<group>"; };
		A4504835230C5C6A008D3B86 /* Info.plist */ = {isa = PBXFileReference; lastKnownFileType = text.plist.xml; path = Info.plist; sourceTree = "<group>"; };
		A450483B230C7BCD008D3B86 /* AlertButton.swift */ = {isa = PBXFileReference; lastKnownFileType = sourcecode.swift; path = AlertButton.swift; sourceTree = "<group>"; };
/* End PBXFileReference section */

/* Begin PBXFrameworksBuildPhase section */
		A4504821230C5C68008D3B86 /* Frameworks */ = {
			isa = PBXFrameworksBuildPhase;
			buildActionMask = 2147483647;
			files = (
			);
			runOnlyForDeploymentPostprocessing = 0;
		};
/* End PBXFrameworksBuildPhase section */

/* Begin PBXGroup section */
		A450481B230C5C68008D3B86 = {
			isa = PBXGroup;
			children = (
				A4504826230C5C68008D3B86 /* AutoLayoutSwiftUI */,
				A4504825230C5C68008D3B86 /* Products */,
			);
			sourceTree = "<group>";
		};
		A4504825230C5C68008D3B86 /* Products */ = {
			isa = PBXGroup;
			children = (
				A4504824230C5C68008D3B86 /* AutoLayoutSwiftUI.app */,
			);
			name = Products;
			sourceTree = "<group>";
		};
		A4504826230C5C68008D3B86 /* AutoLayoutSwiftUI */ = {
			isa = PBXGroup;
			children = (
				A4504827230C5C68008D3B86 /* AppDelegate.swift */,
				A4504829230C5C68008D3B86 /* SceneDelegate.swift */,
				A450482B230C5C68008D3B86 /* ContentView.swift */,
				A450483B230C7BCD008D3B86 /* AlertButton.swift */,
				A450482D230C5C6A008D3B86 /* Assets.xcassets */,
				A4504832230C5C6A008D3B86 /* LaunchScreen.storyboard */,
				A4504835230C5C6A008D3B86 /* Info.plist */,
				A450482F230C5C6A008D3B86 /* Preview Content */,
			);
			path = AutoLayoutSwiftUI;
			sourceTree = "<group>";
		};
		A450482F230C5C6A008D3B86 /* Preview Content */ = {
			isa = PBXGroup;
			children = (
				A4504830230C5C6A008D3B86 /* Preview Assets.xcassets */,
			);
			path = "Preview Content";
			sourceTree = "<group>";
		};
/* End PBXGroup section */

/* Begin PBXNativeTarget section */
		A4504823230C5C68008D3B86 /* AutoLayoutSwiftUI */ = {
			isa = PBXNativeTarget;
			buildConfigurationList = A4504838230C5C6A008D3B86 /* Build configuration list for PBXNativeTarget "AutoLayoutSwiftUI" */;
			buildPhases = (
				A4504820230C5C68008D3B86 /* Sources */,
				A4504821230C5C68008D3B86 /* Frameworks */,
				A4504822230C5C68008D3B86 /* Resources */,
			);
			buildRules = (
			);
			dependencies = (
			);
			name = AutoLayoutSwiftUI;
			productName = AutoLayoutSwiftUI;
			productReference = A4504824230C5C68008D3B86 /* AutoLayoutSwiftUI.app */;
			productType = "com.apple.product-type.application";
		};
/* End PBXNativeTarget section */

/* Begin PBXProject section */
		A450481C230C5C68008D3B86 /* Project object */ = {
			isa = PBXProject;
			attributes = {
				LastSwiftUpdateCheck = 1100;
				LastUpgradeCheck = 1100;
				ORGANIZATIONNAME = "Kohei Asai";
				TargetAttributes = {
					A4504823230C5C68008D3B86 = {
						CreatedOnToolsVersion = 11.0;
					};
				};
			};
			buildConfigurationList = A450481F230C5C68008D3B86 /* Build configuration list for PBXProject "AutoLayoutSwiftUI" */;
			compatibilityVersion = "Xcode 9.3";
			developmentRegion = en;
			hasScannedForEncodings = 0;
			knownRegions = (
				en,
				Base,
			);
			mainGroup = A450481B230C5C68008D3B86;
			productRefGroup = A4504825230C5C68008D3B86 /* Products */;
			projectDirPath = "";
			projectRoot = "";
			targets = (
				A4504823230C5C68008D3B86 /* AutoLayoutSwiftUI */,
			);
		};
/* End PBXProject section */

/* Begin PBXResourcesBuildPhase section */
		A4504822230C5C68008D3B86 /* Resources */ = {
			isa = PBXResourcesBuildPhase;
			buildActionMask = 2147483647;
			files = (
				A4504834230C5C6A008D3B86 /* LaunchScreen.storyboard in Resources */,
				A4504831230C5C6A008D3B86 /* Preview Assets.xcassets in Resources */,
				A450482E230C5C6A008D3B86 /* Assets.xcassets in Resources */,
			);
			runOnlyForDeploymentPostprocessing = 0;
		};
/* End PBXResourcesBuildPhase section */

/* Begin PBXSourcesBuildPhase section */
		A4504820230C5C68008D3B86 /* Sources */ = {
			isa = PBXSourcesBuildPhase;
			buildActionMask = 2147483647;
			files = (
				A450483C230C7BCD008D3B86 /* AlertButton.swift in Sources */,
				A4504828230C5C68008D3B86 /* AppDelegate.swift in Sources */,
				A450482A230C5C68008D3B86 /* SceneDelegate.swift in Sources */,
				A450482C230C5C68008D3B86 /* ContentView.swift in Sources */,
			);
			runOnlyForDeploymentPostprocessing = 0;
		};
/* End PBXSourcesBuildPhase section */

/* Begin PBXVariantGroup section */
		A4504832230C5C6A008D3B86 /* LaunchScreen.storyboard */ = {
			isa = PBXVariantGroup;
			children = (
				A4504833230C5C6A008D3B86 /* Base */,
			);
			name = LaunchScreen.storyboard;
			sourceTree = "<group>";
		};
/* End PBXVariantGroup section */

/* Begin XCBuildConfiguration section */
		A4504836230C5C6A008D3B86 /* Debug */ = {
			isa = XCBuildConfiguration;
			buildSettings = {
				ALWAYS_SEARCH_USER_PATHS = NO;
				CLANG_ANALYZER_NONNULL = YES;
				CLANG_ANALYZER_NUMBER_OBJECT_CONVERSION = YES_AGGRESSIVE;
				CLANG_CXX_LANGUAGE_STANDARD = "gnu++14";
				CLANG_CXX_LIBRARY = "libc++";
				CLANG_ENABLE_MODULES = YES;
				CLANG_ENABLE_OBJC_ARC = YES;
				CLANG_ENABLE_OBJC_WEAK = YES;
				CLANG_WARN_BLOCK_CAPTURE_AUTORELEASING = YES;
				CLANG_WARN_BOOL_CONVERSION = YES;
				CLANG_WARN_COMMA = YES;
				CLANG_WARN_CONSTANT_CONVERSION = YES;
				CLANG_WARN_DEPRECATED_OBJC_IMPLEMENTATIONS = YES;
				CLANG_WARN_DIRECT_OBJC_ISA_USAGE = YES_ERROR;
				CLANG_WARN_DOCUMENTATION_COMMENTS = YES;
				CLANG_WARN_EMPTY_BODY = YES;
				CLANG_WARN_ENUM_CONVERSION = YES;
				CLANG_WARN_INFINITE_RECURSION = YES;
				CLANG_WARN_INT_CONVERSION = YES;
				CLANG_WARN_NON_LITERAL_NULL_CONVERSION = YES;
				CLANG_WARN_OBJC_IMPLICIT_RETAIN_SELF = YES;
				CLANG_WARN_OBJC_LITERAL_CONVERSION = YES;
				CLANG_WARN_OBJC_ROOT_CLASS = YES_ERROR;
				CLANG_WARN_RANGE_LOOP_ANALYSIS = YES;
				CLANG_WARN_STRICT_PROTOTYPES = YES;
				CLANG_WARN_SUSPICIOUS_MOVE = YES;
				CLANG_WARN_UNGUARDED_AVAILABILITY = YES_AGGRESSIVE;
				CLANG_WARN_UNREACHABLE_CODE = YES;
				CLANG_WARN__DUPLICATE_METHOD_MATCH = YES;
				COPY_PHASE_STRIP = NO;
				DEBUG_INFORMATION_FORMAT = dwarf;
				ENABLE_STRICT_OBJC_MSGSEND = YES;
				ENABLE_TESTABILITY = YES;
				GCC_C_LANGUAGE_STANDARD = gnu11;
				GCC_DYNAMIC_NO_PIC = NO;
				GCC_NO_COMMON_BLOCKS = YES;
				GCC_OPTIMIZATION_LEVEL = 0;
				GCC_PREPROCESSOR_DEFINITIONS = (
					"DEBUG=1",
					"$(inherited)",
				);
				GCC_WARN_64_TO_32_BIT_CONVERSION = YES;
				GCC_WARN_ABOUT_RETURN_TYPE = YES_ERROR;
				GCC_WARN_UNDECLARED_SELECTOR = YES;
				GCC_WARN_UNINITIALIZED_AUTOS = YES_AGGRESSIVE;
				GCC_WARN_UNUSED_FUNCTION = YES;
				GCC_WARN_UNUSED_VARIABLE = YES;
				IPHONEOS_DEPLOYMENT_TARGET = 13.0;
				MTL_ENABLE_DEBUG_INFO = INCLUDE_SOURCE;
				MTL_FAST_MATH = YES;
				ONLY_ACTIVE_ARCH = YES;
				SDKROOT = iphoneos;
				SWIFT_ACTIVE_COMPILATION_CONDITIONS = DEBUG;
				SWIFT_OPTIMIZATION_LEVEL = "-Onone";
			};
			name = Debug;
		};
		A4504837230C5C6A008D3B86 /* Release */ = {
			isa = XCBuildConfiguration;
			buildSettings = {
				ALWAYS_SEARCH_USER_PATHS = NO;
				CLANG_ANALYZER_NONNULL = YES;
				CLANG_ANALYZER_NUMBER_OBJECT_CONVERSION = YES_AGGRESSIVE;
				CLANG_CXX_LANGUAGE_STANDARD = "gnu++14";
				CLANG_CXX_LIBRARY = "libc++";
				CLANG_ENABLE_MODULES = YES;
				CLANG_ENABLE_OBJC_ARC = YES;
				CLANG_ENABLE_OBJC_WEAK = YES;
				CLANG_WARN_BLOCK_CAPTURE_AUTORELEASING = YES;
				CLANG_WARN_BOOL_CONVERSION = YES;
				CLANG_WARN_COMMA = YES;
				CLANG_WARN_CONSTANT_CONVERSION = YES;
				CLANG_WARN_DEPRECATED_OBJC_IMPLEMENTATIONS = YES;
				CLANG_WARN_DIRECT_OBJC_ISA_USAGE = YES_ERROR;
				CLANG_WARN_DOCUMENTATION_COMMENTS = YES;
				CLANG_WARN_EMPTY_BODY = YES;
				CLANG_WARN_ENUM_CONVERSION = YES;
				CLANG_WARN_INFINITE_RECURSION = YES;
				CLANG_WARN_INT_CONVERSION = YES;
				CLANG_WARN_NON_LITERAL_NULL_CONVERSION = YES;
				CLANG_WARN_OBJC_IMPLICIT_RETAIN_SELF = YES;
				CLANG_WARN_OBJC_LITERAL_CONVERSION = YES;
				CLANG_WARN_OBJC_ROOT_CLASS = YES_ERROR;
				CLANG_WARN_RANGE_LOOP_ANALYSIS = YES;
				CLANG_WARN_STRICT_PROTOTYPES = YES;
				CLANG_WARN_SUSPICIOUS_MOVE = YES;
				CLANG_WARN_UNGUARDED_AVAILABILITY = YES_AGGRESSIVE;
				CLANG_WARN_UNREACHABLE_CODE = YES;
				CLANG_WARN__DUPLICATE_METHOD_MATCH = YES;
				COPY_PHASE_STRIP = NO;
				DEBUG_INFORMATION_FORMAT = "dwarf-with-dsym";
				ENABLE_NS_ASSERTIONS = NO;
				ENABLE_STRICT_OBJC_MSGSEND = YES;
				GCC_C_LANGUAGE_STANDARD = gnu11;
				GCC_NO_COMMON_BLOCKS = YES;
				GCC_WARN_64_TO_32_BIT_CONVERSION = YES;
				GCC_WARN_ABOUT_RETURN_TYPE = YES_ERROR;
				GCC_WARN_UNDECLARED_SELECTOR = YES;
				GCC_WARN_UNINITIALIZED_AUTOS = YES_AGGRESSIVE;
				GCC_WARN_UNUSED_FUNCTION = YES;
				GCC_WARN_UNUSED_VARIABLE = YES;
				IPHONEOS_DEPLOYMENT_TARGET = 13.0;
				MTL_ENABLE_DEBUG_INFO = NO;
				MTL_FAST_MATH = YES;
				SDKROOT = iphoneos;
				SWIFT_COMPILATION_MODE = wholemodule;
				SWIFT_OPTIMIZATION_LEVEL = "-O";
				VALIDATE_PRODUCT = YES;
			};
			name = Release;
		};
		A4504839230C5C6A008D3B86 /* Debug */ = {
			isa = XCBuildConfiguration;
			buildSettings = {
				ASSETCATALOG_COMPILER_APPICON_NAME = AppIcon;
				CODE_SIGN_STYLE = Automatic;
				DEVELOPMENT_ASSET_PATHS = "\"AutoLayoutSwiftUI/Preview Content\"";
				ENABLE_PREVIEWS = YES;
				INFOPLIST_FILE = AutoLayoutSwiftUI/Info.plist;
				LD_RUNPATH_SEARCH_PATHS = (
					"$(inherited)",
					"@executable_path/Frameworks",
				);
				PRODUCT_BUNDLE_IDENTIFIER = app.axross.AutoLayoutSwiftUI;
				PRODUCT_NAME = "$(TARGET_NAME)";
				SWIFT_VERSION = 5.0;
				TARGETED_DEVICE_FAMILY = "1,2";
			};
			name = Debug;
		};
		A450483A230C5C6A008D3B86 /* Release */ = {
			isa = XCBuildConfiguration;
			buildSettings = {
				ASSETCATALOG_COMPILER_APPICON_NAME = AppIcon;
				CODE_SIGN_STYLE = Automatic;
				DEVELOPMENT_ASSET_PATHS = "\"AutoLayoutSwiftUI/Preview Content\"";
				ENABLE_PREVIEWS = YES;
				INFOPLIST_FILE = AutoLayoutSwiftUI/Info.plist;
				LD_RUNPATH_SEARCH_PATHS = (
					"$(inherited)",
					"@executable_path/Frameworks",
				);
				PRODUCT_BUNDLE_IDENTIFIER = app.axross.AutoLayoutSwiftUI;
				PRODUCT_NAME = "$(TARGET_NAME)";
				SWIFT_VERSION = 5.0;
				TARGETED_DEVICE_FAMILY = "1,2";
			};
			name = Release;
		};
/* End XCBuildConfiguration section */

/* Begin XCConfigurationList section */
		A450481F230C5C68008D3B86 /* Build configuration list for PBXProject "AutoLayoutSwiftUI" */ = {
			isa = XCConfigurationList;
			buildConfigurations = (
				A4504836230C5C6A008D3B86 /* Debug */,
				A4504837230C5C6A008D3B86 /* Release */,
			);
			defaultConfigurationIsVisible = 0;
			defaultConfigurationName = Release;
		};
		A4504838230C5C6A008D3B86 /* Build configuration list for PBXNativeTarget "AutoLayoutSwiftUI" */ = {
			isa = XCConfigurationList;
			buildConfigurations = (
				A4504839230C5C6A008D3B86 /* Debug */,
				A450483A230C5C6A008D3B86 /* Release */,
			);
			defaultConfigurationIsVisible = 0;
			defaultConfigurationName = Release;
		};
/* End XCConfigurationList section */
	};
	rootObject = A450481C230C5C68008D3B86 /* Project object */;
}
